
Microsoft Visual Studio Solution File, Format Version 12.00
# Visual Studio 2015
Project("{FAE04EC0-301F-11D3-BF4B-00C04F79EFBC}") = "AGP Island Game.CSharp.Plugins", "AGP Island Game.CSharp.Plugins.csproj", "{B77EB60A-C591-5E37-A631-475805A5BF0A}"
EndProject
Project("{FAE04EC0-301F-11D3-BF4B-00C04F79EFBC}") = "AGP Island Game.CSharp", "AGP Island Game.CSharp.csproj", "{C4438674-495F-A718-9731-D0EC5EC1C46E}"
EndProject
Project("{FAE04EC0-301F-11D3-BF4B-00C04F79EFBC}") = "AGP Island Game.CSharp.Editor", "AGP Island Game.CSharp.Editor.csproj", "{96E5C139-81B8-8EC2-D351-92894FDE72B0}"
EndProject
Global
	GlobalSection(SolutionConfigurationPlatforms) = preSolution
		Debug|Any CPU = Debug|Any CPU
		Release|Any CPU = Release|Any CPU
	EndGlobalSection
	GlobalSection(ProjectConfigurationPlatforms) = postSolution
		{B77EB60A-C591-5E37-A631-475805A5BF0A}.Debug|Any CPU.ActiveCfg = Debug|Any CPU
		{B77EB60A-C591-5E37-A631-475805A5BF0A}.Debug|Any CPU.Build.0 = Debug|Any CPU
		{B77EB60A-C591-5E37-A631-475805A5BF0A}.Release|Any CPU.ActiveCfg = Release|Any CPU
		{B77EB60A-C591-5E37-A631-475805A5BF0A}.Release|Any CPU.Build.0 = Release|Any CPU
		{C4438674-495F-A718-9731-D0EC5EC1C46E}.Debug|Any CPU.ActiveCfg = Debug|Any CPU
		{C4438674-495F-A718-9731-D0EC5EC1C46E}.Debug|Any CPU.Build.0 = Debug|Any CPU
		{C4438674-495F-A718-9731-D0EC5EC1C46E}.Release|Any CPU.ActiveCfg = Release|Any CPU
		{C4438674-495F-A718-9731-D0EC5EC1C46E}.Release|Any CPU.Build.0 = Release|Any CPU
		{96E5C139-81B8-8EC2-D351-92894FDE72B0}.Debug|Any CPU.ActiveCfg = Debug|Any CPU
		{96E5C139-81B8-8EC2-D351-92894FDE72B0}.Debug|Any CPU.Build.0 = Debug|Any CPU
		{96E5C139-81B8-8EC2-D351-92894FDE72B0}.Release|Any CPU.ActiveCfg = Release|Any CPU
		{96E5C139-81B8-8EC2-D351-92894FDE72B0}.Release|Any CPU.Build.0 = Release|Any CPU
	EndGlobalSection
	GlobalSection(SolutionProperties) = preSolution
		HideSolutionNode = FALSE
	EndGlobalSection
EndGlobal
